
Microsoft Visual Studio Solution File, Format Version 12.00
# Visual Studio 15
VisualStudioVersion = 15.0.28307.1525
MinimumVisualStudioVersion = 10.0.40219.1
Project("{2150E333-8FDC-42A3-9474-1A3956D46DE8}") = "0 - Presentation", "0 - Presentation", "{1DE07428-0F1F-455B-AF09-32C9C12C9A82}"
EndProject
Project("{2150E333-8FDC-42A3-9474-1A3956D46DE8}") = "1 - Application", "1 - Application", "{1CC3F6B8-62ED-4054-9CCC-463B417523B5}"
EndProject
Project("{2150E333-8FDC-42A3-9474-1A3956D46DE8}") = "2 - Service", "2 - Service", "{B542AF85-AF77-4826-8734-E05079CB310C}"
EndProject
Project("{2150E333-8FDC-42A3-9474-1A3956D46DE8}") = "3 - Domain", "3 - Domain", "{0AC359B8-0E61-4112-847C-854B3C132683}"
EndProject
Project("{2150E333-8FDC-42A3-9474-1A3956D46DE8}") = "4 - Repository", "4 - Repository", "{5EE8BC8A-054E-4BA9-82C3-1A84FDE2CD86}"
EndProject
Project("{2150E333-8FDC-42A3-9474-1A3956D46DE8}") = "Web", "Web", "{DD57370D-B967-49EE-9272-2C459C5CC7CE}"
EndProject
Project("{2150E333-8FDC-42A3-9474-1A3956D46DE8}") = "Desktop", "Desktop", "{73D6DC6C-CBF4-496D-A4CA-381B241CE9CD}"
EndProject
Project("{FAE04EC0-301F-11D3-BF4B-00C04F79EFBC}") = "Sistema.Domain", "Sistema.Domain\Sistema.Domain.csproj", "{020E7E8C-51D0-4656-AF89-EB2EF52340F7}"
EndProject
Project("{FAE04EC0-301F-11D3-BF4B-00C04F79EFBC}") = "Sistema.Framework", "Sistema.Framework\Sistema.Framework.csproj", "{D9F77BF5-29C9-4533-98A0-89006EB2FDAE}"
EndProject
Project("{FAE04EC0-301F-11D3-BF4B-00C04F79EFBC}") = "Sistema.Vendas.Desktop", "Sistema.Vendas.Desktop\Sistema.Vendas.Desktop.csproj", "{E5C277B2-2A7D-402E-B583-37AF7F59EFE3}"
EndProject
Project("{FAE04EC0-301F-11D3-BF4B-00C04F79EFBC}") = "Sistema.Application", "Sistema.Application\Sistema.Application.csproj", "{B1A2E6FC-A4EB-4C53-B751-5DC2C2F64A84}"
EndProject
Project("{FAE04EC0-301F-11D3-BF4B-00C04F79EFBC}") = "Sistema.Repository", "Sistema.Repository\Sistema.Repository.csproj", "{7565FE17-4065-4195-BA35-1B50B4EC50A4}"
EndProject
Project("{FAE04EC0-301F-11D3-BF4B-00C04F79EFBC}") = "Sistema.Service", "Sistema.Service\Sistema.Service.csproj", "{ADDA11BF-1276-49F6-BB22-13A461B5EE60}"
EndProject
Project("{2150E333-8FDC-42A3-9474-1A3956D46DE8}") = "Costums", "Costums", "{A8525DF4-41C7-4369-85CA-16D076482C2F}"
EndProject
Project("{2150E333-8FDC-42A3-9474-1A3956D46DE8}") = "Db", "Db", "{08007767-83AE-458D-A8B8-15069A2E77F8}"
EndProject
Project("{FAE04EC0-301F-11D3-BF4B-00C04F79EFBC}") = "TEST", "TEST\TEST.csproj", "{7FB6FC3C-EB58-4CA9-B103-AFD0D0F5F587}"
EndProject
Project("{FAE04EC0-301F-11D3-BF4B-00C04F79EFBC}") = "Costum.DbEntity", "Costums\Db\Costum.DbEntity\Costum.DbEntity.csproj", "{275A3C0B-CBFE-402B-AF38-969DBCE1DD75}"
EndProject
Global
	GlobalSection(SolutionConfigurationPlatforms) = preSolution
		Debug|Any CPU = Debug|Any CPU
		Release|Any CPU = Release|Any CPU
	EndGlobalSection
	GlobalSection(ProjectConfigurationPlatforms) = postSolution
		{020E7E8C-51D0-4656-AF89-EB2EF52340F7}.Debug|Any CPU.ActiveCfg = Debug|Any CPU
		{020E7E8C-51D0-4656-AF89-EB2EF52340F7}.Debug|Any CPU.Build.0 = Debug|Any CPU
		{020E7E8C-51D0-4656-AF89-EB2EF52340F7}.Release|Any CPU.ActiveCfg = Release|Any CPU
		{020E7E8C-51D0-4656-AF89-EB2EF52340F7}.Release|Any CPU.Build.0 = Release|Any CPU
		{D9F77BF5-29C9-4533-98A0-89006EB2FDAE}.Debug|Any CPU.ActiveCfg = Debug|Any CPU
		{D9F77BF5-29C9-4533-98A0-89006EB2FDAE}.Debug|Any CPU.Build.0 = Debug|Any CPU
		{D9F77BF5-29C9-4533-98A0-89006EB2FDAE}.Release|Any CPU.ActiveCfg = Release|Any CPU
		{D9F77BF5-29C9-4533-98A0-89006EB2FDAE}.Release|Any CPU.Build.0 = Release|Any CPU
		{E5C277B2-2A7D-402E-B583-37AF7F59EFE3}.Debug|Any CPU.ActiveCfg = Debug|Any CPU
		{E5C277B2-2A7D-402E-B583-37AF7F59EFE3}.Debug|Any CPU.Build.0 = Debug|Any CPU
		{E5C277B2-2A7D-402E-B583-37AF7F59EFE3}.Release|Any CPU.ActiveCfg = Release|Any CPU
		{E5C277B2-2A7D-402E-B583-37AF7F59EFE3}.Release|Any CPU.Build.0 = Release|Any CPU
		{B1A2E6FC-A4EB-4C53-B751-5DC2C2F64A84}.Debug|Any CPU.ActiveCfg = Debug|Any CPU
		{B1A2E6FC-A4EB-4C53-B751-5DC2C2F64A84}.Debug|Any CPU.Build.0 = Debug|Any CPU
		{B1A2E6FC-A4EB-4C53-B751-5DC2C2F64A84}.Release|Any CPU.ActiveCfg = Release|Any CPU
		{B1A2E6FC-A4EB-4C53-B751-5DC2C2F64A84}.Release|Any CPU.Build.0 = Release|Any CPU
		{7565FE17-4065-4195-BA35-1B50B4EC50A4}.Debug|Any CPU.ActiveCfg = Debug|Any CPU
		{7565FE17-4065-4195-BA35-1B50B4EC50A4}.Debug|Any CPU.Build.0 = Debug|Any CPU
		{7565FE17-4065-4195-BA35-1B50B4EC50A4}.Release|Any CPU.ActiveCfg = Release|Any CPU
		{7565FE17-4065-4195-BA35-1B50B4EC50A4}.Release|Any CPU.Build.0 = Release|Any CPU
		{ADDA11BF-1276-49F6-BB22-13A461B5EE60}.Debug|Any CPU.ActiveCfg = Debug|Any CPU
		{ADDA11BF-1276-49F6-BB22-13A461B5EE60}.Debug|Any CPU.Build.0 = Debug|Any CPU
		{ADDA11BF-1276-49F6-BB22-13A461B5EE60}.Release|Any CPU.ActiveCfg = Release|Any CPU
		{ADDA11BF-1276-49F6-BB22-13A461B5EE60}.Release|Any CPU.Build.0 = Release|Any CPU
		{7FB6FC3C-EB58-4CA9-B103-AFD0D0F5F587}.Debug|Any CPU.ActiveCfg = Debug|Any CPU
		{7FB6FC3C-EB58-4CA9-B103-AFD0D0F5F587}.Debug|Any CPU.Build.0 = Debug|Any CPU
		{7FB6FC3C-EB58-4CA9-B103-AFD0D0F5F587}.Release|Any CPU.ActiveCfg = Release|Any CPU
		{7FB6FC3C-EB58-4CA9-B103-AFD0D0F5F587}.Release|Any CPU.Build.0 = Release|Any CPU
		{275A3C0B-CBFE-402B-AF38-969DBCE1DD75}.Debug|Any CPU.ActiveCfg = Debug|Any CPU
		{275A3C0B-CBFE-402B-AF38-969DBCE1DD75}.Debug|Any CPU.Build.0 = Debug|Any CPU
		{275A3C0B-CBFE-402B-AF38-969DBCE1DD75}.Release|Any CPU.ActiveCfg = Release|Any CPU
		{275A3C0B-CBFE-402B-AF38-969DBCE1DD75}.Release|Any CPU.Build.0 = Release|Any CPU
	EndGlobalSection
	GlobalSection(SolutionProperties) = preSolution
		HideSolutionNode = FALSE
	EndGlobalSection
	GlobalSection(NestedProjects) = preSolution
		{DD57370D-B967-49EE-9272-2C459C5CC7CE} = {1DE07428-0F1F-455B-AF09-32C9C12C9A82}
		{73D6DC6C-CBF4-496D-A4CA-381B241CE9CD} = {1DE07428-0F1F-455B-AF09-32C9C12C9A82}
		{020E7E8C-51D0-4656-AF89-EB2EF52340F7} = {0AC359B8-0E61-4112-847C-854B3C132683}
		{D9F77BF5-29C9-4533-98A0-89006EB2FDAE} = {0AC359B8-0E61-4112-847C-854B3C132683}
		{E5C277B2-2A7D-402E-B583-37AF7F59EFE3} = {73D6DC6C-CBF4-496D-A4CA-381B241CE9CD}
		{B1A2E6FC-A4EB-4C53-B751-5DC2C2F64A84} = {1CC3F6B8-62ED-4054-9CCC-463B417523B5}
		{7565FE17-4065-4195-BA35-1B50B4EC50A4} = {5EE8BC8A-054E-4BA9-82C3-1A84FDE2CD86}
		{ADDA11BF-1276-49F6-BB22-13A461B5EE60} = {B542AF85-AF77-4826-8734-E05079CB310C}
		{08007767-83AE-458D-A8B8-15069A2E77F8} = {A8525DF4-41C7-4369-85CA-16D076482C2F}
		{7FB6FC3C-EB58-4CA9-B103-AFD0D0F5F587} = {A8525DF4-41C7-4369-85CA-16D076482C2F}
		{275A3C0B-CBFE-402B-AF38-969DBCE1DD75} = {08007767-83AE-458D-A8B8-15069A2E77F8}
	EndGlobalSection
	GlobalSection(ExtensibilityGlobals) = postSolution
		SolutionGuid = {0FC1F9C6-C3B6-46FE-9A32-85E223BD734D}
	EndGlobalSection
EndGlobal
